// !$*UTF8*$!
{
	archiveVersion = 1;
	classes = {
	};
	objectVersion = 46;
	objects = {

/* Begin PBXBuildFile section */
		A46384051CBDE89F00F6C2A3 /* KLMetaBallCanvas.m in Sources */ = {isa = PBXBuildFile; fileRef = A46384041CBDE89F00F6C2A3 /* KLMetaBallCanvas.m */; };
		A46384081CBDED0300F6C2A3 /* MetaBallLabel.m in Sources */ = {isa = PBXBuildFile; fileRef = A46384071CBDED0300F6C2A3 /* MetaBallLabel.m */; };
		A463840D1CBE2F1100F6C2A3 /* Boom.bundle in Resources */ = {isa = PBXBuildFile; fileRef = A463840C1CBE2F1100F6C2A3 /* Boom.bundle */; };
		A46384101CBE2FD100F6C2A3 /* UIView+MetaBall.m in Sources */ = {isa = PBXBuildFile; fileRef = A463840F1CBE2FD100F6C2A3 /* UIView+MetaBall.m */; };
		A47EA31A1CBCFB8100361E3D /* main.m in Sources */ = {isa = PBXBuildFile; fileRef = A47EA3191CBCFB8100361E3D /* main.m */; };
		A47EA31D1CBCFB8100361E3D /* AppDelegate.m in Sources */ = {isa = PBXBuildFile; fileRef = A47EA31C1CBCFB8100361E3D /* AppDelegate.m */; };
		A47EA3201CBCFB8100361E3D /* ViewController.m in Sources */ = {isa = PBXBuildFile; fileRef = A47EA31F1CBCFB8100361E3D /* ViewController.m */; };
		A47EA3231CBCFB8100361E3D /* Main.storyboard in Resources */ = {isa = PBXBuildFile; fileRef = A47EA3211CBCFB8100361E3D /* Main.storyboard */; };
		A47EA3251CBCFB8100361E3D /* Assets.xcassets in Resources */ = {isa = PBXBuildFile; fileRef = A47EA3241CBCFB8100361E3D /* Assets.xcassets */; };
		A47EA3281CBCFB8100361E3D /* LaunchScreen.storyboard in Resources */ = {isa = PBXBuildFile; fileRef = A47EA3261CBCFB8100361E3D /* LaunchScreen.storyboard */; };
		A47EA3331CBCFB8100361E3D /* KLMetaBallTests.m in Sources */ = {isa = PBXBuildFile; fileRef = A47EA3321CBCFB8100361E3D /* KLMetaBallTests.m */; };
		A47EA33E1CBCFB8100361E3D /* KLMetaBallUITests.m in Sources */ = {isa = PBXBuildFile; fileRef = A47EA33D1CBCFB8100361E3D /* KLMetaBallUITests.m */; };
/* End PBXBuildFile section */

/* Begin PBXContainerItemProxy section */
		A47EA32F1CBCFB8100361E3D /* PBXContainerItemProxy */ = {
			isa = PBXContainerItemProxy;
			containerPortal = A47EA30D1CBCFB8100361E3D /* Project object */;
			proxyType = 1;
			remoteGlobalIDString = A47EA3141CBCFB8100361E3D;
			remoteInfo = KLMetaBall;
		};
		A47EA33A1CBCFB8100361E3D /* PBXContainerItemProxy */ = {
			isa = PBXContainerItemProxy;
			containerPortal = A47EA30D1CBCFB8100361E3D /* Project object */;
			proxyType = 1;
			remoteGlobalIDString = A47EA3141CBCFB8100361E3D;
			remoteInfo = KLMetaBall;
		};
/* End PBXContainerItemProxy section */

/* Begin PBXFileReference section */
		A46384031CBDE89F00F6C2A3 /* KLMetaBallCanvas.h */ = {isa = PBXFileReference; fileEncoding = 4; lastKnownFileType = sourcecode.c.h; path = KLMetaBallCanvas.h; sourceTree = "<group>"; };
		A46384041CBDE89F00F6C2A3 /* KLMetaBallCanvas.m */ = {isa = PBXFileReference; fileEncoding = 4; lastKnownFileType = sourcecode.c.objc; path = KLMetaBallCanvas.m; sourceTree = "<group>"; };
		A46384061CBDED0300F6C2A3 /* MetaBallLabel.h */ = {isa = PBXFileReference; fileEncoding = 4; lastKnownFileType = sourcecode.c.h; path = MetaBallLabel.h; sourceTree = "<group>"; };
		A46384071CBDED0300F6C2A3 /* MetaBallLabel.m */ = {isa = PBXFileReference; fileEncoding = 4; lastKnownFileType = sourcecode.c.objc; path = MetaBallLabel.m; sourceTree = "<group>"; };
		A463840C1CBE2F1100F6C2A3 /* Boom.bundle */ = {isa = PBXFileReference; lastKnownFileType = "wrapper.plug-in"; path = Boom.bundle; sourceTree = "<group>"; };
		A463840E1CBE2FD100F6C2A3 /* UIView+MetaBall.h */ = {isa = PBXFileReference; fileEncoding = 4; lastKnownFileType = sourcecode.c.h; path = "UIView+MetaBall.h"; sourceTree = "<group>"; };
		A463840F1CBE2FD100F6C2A3 /* UIView+MetaBall.m */ = {isa = PBXFileReference; fileEncoding = 4; lastKnownFileType = sourcecode.c.objc; path = "UIView+MetaBall.m"; sourceTree = "<group>"; };
		A47EA3151CBCFB8100361E3D /* KLMetaBall.app */ = {isa = PBXFileReference; explicitFileType = wrapper.application; includeInIndex = 0; path = KLMetaBall.app; sourceTree = BUILT_PRODUCTS_DIR; };
		A47EA3191CBCFB8100361E3D /* main.m */ = {isa = PBXFileReference; lastKnownFileType = sourcecode.c.objc; path = main.m; sourceTree = "<group>"; };
		A47EA31B1CBCFB8100361E3D /* AppDelegate.h */ = {isa = PBXFileReference; lastKnownFileType = sourcecode.c.h; path = AppDelegate.h; sourceTree = "<group>"; };
		A47EA31C1CBCFB8100361E3D /* AppDelegate.m */ = {isa = PBXFileReference; lastKnownFileType = sourcecode.c.objc; path = AppDelegate.m; sourceTree = "<group>"; };
		A47EA31E1CBCFB8100361E3D /* ViewController.h */ = {isa = PBXFileReference; lastKnownFileType = sourcecode.c.h; path = ViewController.h; sourceTree = "<group>"; };
		A47EA31F1CBCFB8100361E3D /* ViewController.m */ = {isa = PBXFileReference; lastKnownFileType = sourcecode.c.objc; path = ViewController.m; sourceTree = "<group>"; };
		A47EA3221CBCFB8100361E3D /* Base */ = {isa = PBXFileReference; lastKnownFileType = file.storyboard; name = Base; path = Base.lproj/Main.storyboard; sourceTree = "<group>"; };
		A47EA3241CBCFB8100361E3D /* Assets.xcassets */ = {isa = PBXFileReference; lastKnownFileType = folder.assetcatalog; path = Assets.xcassets; sourceTree = "<group>"; };
		A47EA3271CBCFB8100361E3D /* Base */ = {isa = PBXFileReference; lastKnownFileType = file.storyboard; name = Base; path = Base.lproj/LaunchScreen.storyboard; sourceTree = "<group>"; };
		A47EA3291CBCFB8100361E3D /* Info.plist */ = {isa = PBXFileReference; lastKnownFileType = text.plist.xml; path = Info.plist; sourceTree = "<group>"; };
		A47EA32E1CBCFB8100361E3D /* KLMetaBallTests.xctest */ = {isa = PBXFileReference; explicitFileType = wrapper.cfbundle; includeInIndex = 0; path = KLMetaBallTests.xctest; sourceTree = BUILT_PRODUCTS_DIR; };
		A47EA3321CBCFB8100361E3D /* KLMetaBallTests.m */ = {isa = PBXFileReference; lastKnownFileType = sourcecode.c.objc; path = KLMetaBallTests.m; sourceTree = "<group>"; };
		A47EA3341CBCFB8100361E3D /* Info.plist */ = {isa = PBXFileReference; lastKnownFileType = text.plist.xml; path = Info.plist; sourceTree = "<group>"; };
		A47EA3391CBCFB8100361E3D /* KLMetaBallUITests.xctest */ = {isa = PBXFileReference; explicitFileType = wrapper.cfbundle; includeInIndex = 0; path = KLMetaBallUITests.xctest; sourceTree = BUILT_PRODUCTS_DIR; };
		A47EA33D1CBCFB8100361E3D /* KLMetaBallUITests.m */ = {isa = PBXFileReference; lastKnownFileType = sourcecode.c.objc; path = KLMetaBallUITests.m; sourceTree = "<group>"; };
		A47EA33F1CBCFB8100361E3D /* Info.plist */ = {isa = PBXFileReference; lastKnownFileType = text.plist.xml; path = Info.plist; sourceTree = "<group>"; };
/* End PBXFileReference section */

/* Begin PBXFrameworksBuildPhase section */
		A47EA3121CBCFB8100361E3D /* Frameworks */ = {
			isa = PBXFrameworksBuildPhase;
			buildActionMask = 2147483647;
			files = (
			);
			runOnlyForDeploymentPostprocessing = 0;
		};
		A47EA32B1CBCFB8100361E3D /* Frameworks */ = {
			isa = PBXFrameworksBuildPhase;
			buildActionMask = 2147483647;
			files = (
			);
			runOnlyForDeploymentPostprocessing = 0;
		};
		A47EA3361CBCFB8100361E3D /* Frameworks */ = {
			isa = PBXFrameworksBuildPhase;
			buildActionMask = 2147483647;
			files = (
			);
			runOnlyForDeploymentPostprocessing = 0;
		};
/* End PBXFrameworksBuildPhase section */

/* Begin PBXGroup section */
		A46384021CBDE80300F6C2A3 /* MetaBall */ = {
			isa = PBXGroup;
			children = (
				A463840C1CBE2F1100F6C2A3 /* Boom.bundle */,
				A46384031CBDE89F00F6C2A3 /* KLMetaBallCanvas.h */,
				A46384041CBDE89F00F6C2A3 /* KLMetaBallCanvas.m */,
			);
			path = MetaBall;
			sourceTree = "<group>";
		};
		A47EA30C1CBCFB8100361E3D = {
			isa = PBXGroup;
			children = (
				A47EA3171CBCFB8100361E3D /* KLMetaBall */,
				A47EA3311CBCFB8100361E3D /* KLMetaBallTests */,
				A47EA33C1CBCFB8100361E3D /* KLMetaBallUITests */,
				A47EA3161CBCFB8100361E3D /* Products */,
			);
			sourceTree = "<group>";
		};
		A47EA3161CBCFB8100361E3D /* Products */ = {
			isa = PBXGroup;
			children = (
				A47EA3151CBCFB8100361E3D /* KLMetaBall.app */,
				A47EA32E1CBCFB8100361E3D /* KLMetaBallTests.xctest */,
				A47EA3391CBCFB8100361E3D /* KLMetaBallUITests.xctest */,
			);
			name = Products;
			sourceTree = "<group>";
		};
		A47EA3171CBCFB8100361E3D /* KLMetaBall */ = {
			isa = PBXGroup;
			children = (
				A463840E1CBE2FD100F6C2A3 /* UIView+MetaBall.h */,
				A463840F1CBE2FD100F6C2A3 /* UIView+MetaBall.m */,
				A46384021CBDE80300F6C2A3 /* MetaBall */,
				A47EA31B1CBCFB8100361E3D /* AppDelegate.h */,
				A47EA31C1CBCFB8100361E3D /* AppDelegate.m */,
				A47EA31E1CBCFB8100361E3D /* ViewController.h */,
				A47EA31F1CBCFB8100361E3D /* ViewController.m */,
				A46384061CBDED0300F6C2A3 /* MetaBallLabel.h */,
				A46384071CBDED0300F6C2A3 /* MetaBallLabel.m */,
				A47EA3211CBCFB8100361E3D /* Main.storyboard */,
				A47EA3241CBCFB8100361E3D /* Assets.xcassets */,
				A47EA3261CBCFB8100361E3D /* LaunchScreen.storyboard */,
				A47EA3291CBCFB8100361E3D /* Info.plist */,
				A47EA3181CBCFB8100361E3D /* Supporting Files */,
			);
			path = KLMetaBall;
			sourceTree = "<group>";
		};
		A47EA3181CBCFB8100361E3D /* Supporting Files */ = {
			isa = PBXGroup;
			children = (
				A47EA3191CBCFB8100361E3D /* main.m */,
			);
			name = "Supporting Files";
			sourceTree = "<group>";
		};
		A47EA3311CBCFB8100361E3D /* KLMetaBallTests */ = {
			isa = PBXGroup;
			children = (
				A47EA3321CBCFB8100361E3D /* KLMetaBallTests.m */,
				A47EA3341CBCFB8100361E3D /* Info.plist */,
			);
			path = KLMetaBallTests;
			sourceTree = "<group>";
		};
		A47EA33C1CBCFB8100361E3D /* KLMetaBallUITests */ = {
			isa = PBXGroup;
			children = (
				A47EA33D1CBCFB8100361E3D /* KLMetaBallUITests.m */,
				A47EA33F1CBCFB8100361E3D /* Info.plist */,
			);
			path = KLMetaBallUITests;
			sourceTree = "<group>";
		};
/* End PBXGroup section */

/* Begin PBXNativeTarget section */
		A47EA3141CBCFB8100361E3D /* KLMetaBall */ = {
			isa = PBXNativeTarget;
			buildConfigurationList = A47EA3421CBCFB8100361E3D /* Build configuration list for PBXNativeTarget "KLMetaBall" */;
			buildPhases = (
				A47EA3111CBCFB8100361E3D /* Sources */,
				A47EA3121CBCFB8100361E3D /* Frameworks */,
				A47EA3131CBCFB8100361E3D /* Resources */,
			);
			buildRules = (
			);
			dependencies = (
			);
			name = KLMetaBall;
			productName = KLMetaBall;
			productReference = A47EA3151CBCFB8100361E3D /* KLMetaBall.app */;
			productType = "com.apple.product-type.application";
		};
		A47EA32D1CBCFB8100361E3D /* KLMetaBallTests */ = {
			isa = PBXNativeTarget;
			buildConfigurationList = A47EA3451CBCFB8100361E3D /* Build configuration list for PBXNativeTarget "KLMetaBallTests" */;
			buildPhases = (
				A47EA32A1CBCFB8100361E3D /* Sources */,
				A47EA32B1CBCFB8100361E3D /* Frameworks */,
				A47EA32C1CBCFB8100361E3D /* Resources */,
			);
			buildRules = (
			);
			dependencies = (
				A47EA3301CBCFB8100361E3D /* PBXTargetDependency */,
			);
			name = KLMetaBallTests;
			productName = KLMetaBallTests;
			productReference = A47EA32E1CBCFB8100361E3D /* KLMetaBallTests.xctest */;
			productType = "com.apple.product-type.bundle.unit-test";
		};
		A47EA3381CBCFB8100361E3D /* KLMetaBallUITests */ = {
			isa = PBXNativeTarget;
			buildConfigurationList = A47EA3481CBCFB8100361E3D /* Build configuration list for PBXNativeTarget "KLMetaBallUITests" */;
			buildPhases = (
				A47EA3351CBCFB8100361E3D /* Sources */,
				A47EA3361CBCFB8100361E3D /* Frameworks */,
				A47EA3371CBCFB8100361E3D /* Resources */,
			);
			buildRules = (
			);
			dependencies = (
				A47EA33B1CBCFB8100361E3D /* PBXTargetDependency */,
			);
			name = KLMetaBallUITests;
			productName = KLMetaBallUITests;
			productReference = A47EA3391CBCFB8100361E3D /* KLMetaBallUITests.xctest */;
			productType = "com.apple.product-type.bundle.ui-testing";
		};
/* End PBXNativeTarget section */

/* Begin PBXProject section */
		A47EA30D1CBCFB8100361E3D /* Project object */ = {
			isa = PBXProject;
			attributes = {
				LastUpgradeCheck = 0730;
				ORGANIZATIONNAME = kuailao_2;
				TargetAttributes = {
					A47EA3141CBCFB8100361E3D = {
						CreatedOnToolsVersion = 7.3;
					};
					A47EA32D1CBCFB8100361E3D = {
						CreatedOnToolsVersion = 7.3;
						TestTargetID = A47EA3141CBCFB8100361E3D;
					};
					A47EA3381CBCFB8100361E3D = {
						CreatedOnToolsVersion = 7.3;
						TestTargetID = A47EA3141CBCFB8100361E3D;
					};
				};
			};
			buildConfigurationList = A47EA3101CBCFB8100361E3D /* Build configuration list for PBXProject "KLMetaBall" */;
			compatibilityVersion = "Xcode 3.2";
			developmentRegion = English;
			hasScannedForEncodings = 0;
			knownRegions = (
				en,
				Base,
			);
			mainGroup = A47EA30C1CBCFB8100361E3D;
			productRefGroup = A47EA3161CBCFB8100361E3D /* Products */;
			projectDirPath = "";
			projectRoot = "";
			targets = (
				A47EA3141CBCFB8100361E3D /* KLMetaBall */,
				A47EA32D1CBCFB8100361E3D /* KLMetaBallTests */,
				A47EA3381CBCFB8100361E3D /* KLMetaBallUITests */,
			);
		};
/* End PBXProject section */

/* Begin PBXResourcesBuildPhase section */
		A47EA3131CBCFB8100361E3D /* Resources */ = {
			isa = PBXResourcesBuildPhase;
			buildActionMask = 2147483647;
			files = (
				A463840D1CBE2F1100F6C2A3 /* Boom.bundle in Resources */,
				A47EA3281CBCFB8100361E3D /* LaunchScreen.storyboard in Resources */,
				A47EA3251CBCFB8100361E3D /* Assets.xcassets in Resources */,
				A47EA3231CBCFB8100361E3D /* Main.storyboard in Resources */,
			);
			runOnlyForDeploymentPostprocessing = 0;
		};
		A47EA32C1CBCFB8100361E3D /* Resources */ = {
			isa = PBXResourcesBuildPhase;
			buildActionMask = 2147483647;
			files = (
			);
			runOnlyForDeploymentPostprocessing = 0;
		};
		A47EA3371CBCFB8100361E3D /* Resources */ = {
			isa = PBXResourcesBuildPhase;
			buildActionMask = 2147483647;
			files = (
			);
			runOnlyForDeploymentPostprocessing = 0;
		};
/* End PBXResourcesBuildPhase section */

/* Begin PBXSourcesBuildPhase section */
		A47EA3111CBCFB8100361E3D /* Sources */ = {
			isa = PBXSourcesBuildPhase;
			buildActionMask = 2147483647;
			files = (
				A46384101CBE2FD100F6C2A3 /* UIView+MetaBall.m in Sources */,
				A47EA3201CBCFB8100361E3D /* ViewController.m in Sources */,
				A47EA31D1CBCFB8100361E3D /* AppDelegate.m in Sources */,
				A46384051CBDE89F00F6C2A3 /* KLMetaBallCanvas.m in Sources */,
				A46384081CBDED0300F6C2A3 /* MetaBallLabel.m in Sources */,
				A47EA31A1CBCFB8100361E3D /* main.m in Sources */,
			);
			runOnlyForDeploymentPostprocessing = 0;
		};
		A47EA32A1CBCFB8100361E3D /* Sources */ = {
			isa = PBXSourcesBuildPhase;
			buildActionMask = 2147483647;
			files = (
				A47EA3331CBCFB8100361E3D /* KLMetaBallTests.m in Sources */,
			);
			runOnlyForDeploymentPostprocessing = 0;
		};
		A47EA3351CBCFB8100361E3D /* Sources */ = {
			isa = PBXSourcesBuildPhase;
			buildActionMask = 2147483647;
			files = (
				A47EA33E1CBCFB8100361E3D /* KLMetaBallUITests.m in Sources */,
			);
			runOnlyForDeploymentPostprocessing = 0;
		};
/* End PBXSourcesBuildPhase section */

/* Begin PBXTargetDependency section */
		A47EA3301CBCFB8100361E3D /* PBXTargetDependency */ = {
			isa = PBXTargetDependency;
			target = A47EA3141CBCFB8100361E3D /* KLMetaBall */;
			targetProxy = A47EA32F1CBCFB8100361E3D /* PBXContainerItemProxy */;
		};
		A47EA33B1CBCFB8100361E3D /* PBXTargetDependency */ = {
			isa = PBXTargetDependency;
			target = A47EA3141CBCFB8100361E3D /* KLMetaBall */;
			targetProxy = A47EA33A1CBCFB8100361E3D /* PBXContainerItemProxy */;
		};
/* End PBXTargetDependency section */

/* Begin PBXVariantGroup section */
		A47EA3211CBCFB8100361E3D /* Main.storyboard */ = {
			isa = PBXVariantGroup;
			children = (
				A47EA3221CBCFB8100361E3D /* Base */,
			);
			name = Main.storyboard;
			sourceTree = "<group>";
		};
		A47EA3261CBCFB8100361E3D /* LaunchScreen.storyboard */ = {
			isa = PBXVariantGroup;
			children = (
				A47EA3271CBCFB8100361E3D /* Base */,
			);
			name = LaunchScreen.storyboard;
			sourceTree = "<group>";
		};
/* End PBXVariantGroup section */

/* Begin XCBuildConfiguration section */
		A47EA3401CBCFB8100361E3D /* Debug */ = {
			isa = XCBuildConfiguration;
			buildSettings = {
				ALWAYS_SEARCH_USER_PATHS = NO;
				CLANG_ANALYZER_NONNULL = YES;
				CLANG_CXX_LANGUAGE_STANDARD = "gnu++0x";
				CLANG_CXX_LIBRARY = "libc++";
				CLANG_ENABLE_MODULES = YES;
				CLANG_ENABLE_OBJC_ARC = YES;
				CLANG_WARN_BOOL_CONVERSION = YES;
				CLANG_WARN_CONSTANT_CONVERSION = YES;
				CLANG_WARN_DIRECT_OBJC_ISA_USAGE = YES_ERROR;
				CLANG_WARN_EMPTY_BODY = YES;
				CLANG_WARN_ENUM_CONVERSION = YES;
				CLANG_WARN_INT_CONVERSION = YES;
				CLANG_WARN_OBJC_ROOT_CLASS = YES_ERROR;
				CLANG_WARN_UNREACHABLE_CODE = YES;
				CLANG_WARN__DUPLICATE_METHOD_MATCH = YES;
				"CODE_SIGN_IDENTITY[sdk=iphoneos*]" = "iPhone Developer";
				COPY_PHASE_STRIP = NO;
				DEBUG_INFORMATION_FORMAT = dwarf;
				ENABLE_STRICT_OBJC_MSGSEND = YES;
				ENABLE_TESTABILITY = YES;
				GCC_C_LANGUAGE_STANDARD = gnu99;
				GCC_DYNAMIC_NO_PIC = NO;
				GCC_NO_COMMON_BLOCKS = YES;
				GCC_OPTIMIZATION_LEVEL = 0;
				GCC_PREPROCESSOR_DEFINITIONS = (
					"DEBUG=1",
					"$(inherited)",
				);
				GCC_WARN_64_TO_32_BIT_CONVERSION = YES;
				GCC_WARN_ABOUT_RETURN_TYPE = YES_ERROR;
				GCC_WARN_UNDECLARED_SELECTOR = YES;
				GCC_WARN_UNINITIALIZED_AUTOS = YES_AGGRESSIVE;
				GCC_WARN_UNUSED_FUNCTION = YES;
				GCC_WARN_UNUSED_VARIABLE = YES;
				IPHONEOS_DEPLOYMENT_TARGET = 9.3;
				MTL_ENABLE_DEBUG_INFO = YES;
				ONLY_ACTIVE_ARCH = YES;
				SDKROOT = iphoneos;
			};
			name = Debug;
		};
		A47EA3411CBCFB8100361E3D /* Release */ = {
			isa = XCBuildConfiguration;
			buildSettings = {
				ALWAYS_SEARCH_USER_PATHS = NO;
				CLANG_ANALYZER_NONNULL = YES;
				CLANG_CXX_LANGUAGE_STANDARD = "gnu++0x";
				CLANG_CXX_LIBRARY = "libc++";
				CLANG_ENABLE_MODULES = YES;
				CLANG_ENABLE_OBJC_ARC = YES;
				CLANG_WARN_BOOL_CONVERSION = YES;
				CLANG_WARN_CONSTANT_CONVERSION = YES;
				CLANG_WARN_DIRECT_OBJC_ISA_USAGE = YES_ERROR;
				CLANG_WARN_EMPTY_BODY = YES;
				CLANG_WARN_ENUM_CONVERSION = YES;
				CLANG_WARN_INT_CONVERSION = YES;
				CLANG_WARN_OBJC_ROOT_CLASS = YES_ERROR;
				CLANG_WARN_UNREACHABLE_CODE = YES;
				CLANG_WARN__DUPLICATE_METHOD_MATCH = YES;
				"CODE_SIGN_IDENTITY[sdk=iphoneos*]" = "iPhone Developer";
				COPY_PHASE_STRIP = NO;
				DEBUG_INFORMATION_FORMAT = "dwarf-with-dsym";
				ENABLE_NS_ASSERTIONS = NO;
				ENABLE_STRICT_OBJC_MSGSEND = YES;
				GCC_C_LANGUAGE_STANDARD = gnu99;
				GCC_NO_COMMON_BLOCKS = YES;
				GCC_WARN_64_TO_32_BIT_CONVERSION = YES;
				GCC_WARN_ABOUT_RETURN_TYPE = YES_ERROR;
				GCC_WARN_UNDECLARED_SELECTOR = YES;
				GCC_WARN_UNINITIALIZED_AUTOS = YES_AGGRESSIVE;
				GCC_WARN_UNUSED_FUNCTION = YES;
				GCC_WARN_UNUSED_VARIABLE = YES;
				IPHONEOS_DEPLOYMENT_TARGET = 9.3;
				MTL_ENABLE_DEBUG_INFO = NO;
				SDKROOT = iphoneos;
				VALIDATE_PRODUCT = YES;
			};
			name = Release;
		};
		A47EA3431CBCFB8100361E3D /* Debug */ = {
			isa = XCBuildConfiguration;
			buildSettings = {
				ASSETCATALOG_COMPILER_APPICON_NAME = AppIcon;
				INFOPLIST_FILE = KLMetaBall/Info.plist;
				LD_RUNPATH_SEARCH_PATHS = "$(inherited) @executable_path/Frameworks";
				PRODUCT_BUNDLE_IDENTIFIER = com.KL.KLMetaBall;
				PRODUCT_NAME = "$(TARGET_NAME)";
			};
			name = Debug;
		};
		A47EA3441CBCFB8100361E3D /* Release */ = {
			isa = XCBuildConfiguration;
			buildSettings = {
				ASSETCATALOG_COMPILER_APPICON_NAME = AppIcon;
				INFOPLIST_FILE = KLMetaBall/Info.plist;
				LD_RUNPATH_SEARCH_PATHS = "$(inherited) @executable_path/Frameworks";
				PRODUCT_BUNDLE_IDENTIFIER = com.KL.KLMetaBall;
				PRODUCT_NAME = "$(TARGET_NAME)";
			};
			name = Release;
		};
		A47EA3461CBCFB8100361E3D /* Debug */ = {
			isa = XCBuildConfiguration;
			buildSettings = {
				BUNDLE_LOADER = "$(TEST_HOST)";
				INFOPLIST_FILE = KLMetaBallTests/Info.plist;
				LD_RUNPATH_SEARCH_PATHS = "$(inherited) @executable_path/Frameworks @loader_path/Frameworks";
				PRODUCT_BUNDLE_IDENTIFIER = com.KL.KLMetaBallTests;
				PRODUCT_NAME = "$(TARGET_NAME)";
				TEST_HOST = "$(BUILT_PRODUCTS_DIR)/KLMetaBall.app/KLMetaBall";
			};
			name = Debug;
		};
		A47EA3471CBCFB8100361E3D /* Release */ = {
			isa = XCBuildConfiguration;
			buildSettings = {
				BUNDLE_LOADER = "$(TEST_HOST)";
				INFOPLIST_FILE = KLMetaBallTests/Info.plist;
				LD_RUNPATH_SEARCH_PATHS = "$(inherited) @executable_path/Frameworks @loader_path/Frameworks";
				PRODUCT_BUNDLE_IDENTIFIER = com.KL.KLMetaBallTests;
				PRODUCT_NAME = "$(TARGET_NAME)";
				TEST_HOST = "$(BUILT_PRODUCTS_DIR)/KLMetaBall.app/KLMetaBall";
			};
			name = Release;
		};
		A47EA3491CBCFB8100361E3D /* Debug */ = {
			isa = XCBuildConfiguration;
			buildSettings = {
				INFOPLIST_FILE = KLMetaBallUITests/Info.plist;
				LD_RUNPATH_SEARCH_PATHS = "$(inherited) @executable_path/Frameworks @loader_path/Frameworks";
				PRODUCT_BUNDLE_IDENTIFIER = com.KL.KLMetaBallUITests;
				PRODUCT_NAME = "$(TARGET_NAME)";
				TEST_TARGET_NAME = KLMetaBall;
			};
			name = Debug;
		};
		A47EA34A1CBCFB8100361E3D /* Release */ = {
			isa = XCBuildConfiguration;
			buildSettings = {
				INFOPLIST_FILE = KLMetaBallUITests/Info.plist;
				LD_RUNPATH_SEARCH_PATHS = "$(inherited) @executable_path/Frameworks @loader_path/Frameworks";
				PRODUCT_BUNDLE_IDENTIFIER = com.KL.KLMetaBallUITests;
				PRODUCT_NAME = "$(TARGET_NAME)";
				TEST_TARGET_NAME = KLMetaBall;
			};
			name = Release;
		};
/* End XCBuildConfiguration section */

/* Begin XCConfigurationList section */
		A47EA3101CBCFB8100361E3D /* Build configuration list for PBXProject "KLMetaBall" */ = {
			isa = XCConfigurationList;
			buildConfigurations = (
				A47EA3401CBCFB8100361E3D /* Debug */,
				A47EA3411CBCFB8100361E3D /* Release */,
			);
			defaultConfigurationIsVisible = 0;
			defaultConfigurationName = Release;
		};
		A47EA3421CBCFB8100361E3D /* Build configuration list for PBXNativeTarget "KLMetaBall" */ = {
			isa = XCConfigurationList;
			buildConfigurations = (
				A47EA3431CBCFB8100361E3D /* Debug */,
				A47EA3441CBCFB8100361E3D /* Release */,
			);
			defaultConfigurationIsVisible = 0;
			defaultConfigurationName = Release;
		};
		A47EA3451CBCFB8100361E3D /* Build configuration list for PBXNativeTarget "KLMetaBallTests" */ = {
			isa = XCConfigurationList;
			buildConfigurations = (
				A47EA3461CBCFB8100361E3D /* Debug */,
				A47EA3471CBCFB8100361E3D /* Release */,
			);
			defaultConfigurationIsVisible = 0;
			defaultConfigurationName = Release;
		};
		A47EA3481CBCFB8100361E3D /* Build configuration list for PBXNativeTarget "KLMetaBallUITests" */ = {
			isa = XCConfigurationList;
			buildConfigurations = (
				A47EA3491CBCFB8100361E3D /* Debug */,
				A47EA34A1CBCFB8100361E3D /* Release */,
			);
			defaultConfigurationIsVisible = 0;
			defaultConfigurationName = Release;
		};
/* End XCConfigurationList section */
	};
	rootObject = A47EA30D1CBCFB8100361E3D /* Project object */;
}
